// !$*UTF8*$!
{
	archiveVersion = 1;
	classes = {
	};
	objectVersion = 46;
	objects = {

/* Begin PBXBuildFile section */
		37D1F7AA9DDE8D959E8D32F0 /* DDJSPTTools.swift in Sources */ = {isa = PBXBuildFile; fileRef = 37D1F73F4F2321E13B1A6D68 /* DDJSPTTools.swift */; };
		37D1F7FB3D47D847D87FA983 /* ServerNewSessionCommand.swift in Sources */ = {isa = PBXBuildFile; fileRef = 37D1FC9DC934147FBAC5E114 /* ServerNewSessionCommand.swift */; };
		37D1FA1908DBFDA475248817 /* SPTManager.swift in Sources */ = {isa = PBXBuildFile; fileRef = 37D1F272AB009E43B4A67202 /* SPTManager.swift */; };
		37D1FDDCB21FBF7337B3EFFB /* ServerCommand.swift in Sources */ = {isa = PBXBuildFile; fileRef = 37D1F704BCFBA4A74CA53542 /* ServerCommand.swift */; };
		47F6B867A03A7E3D557EECD4 /* Pods_DDJiOS.framework in Frameworks */ = {isa = PBXBuildFile; fileRef = 7C0BCF19C25A3DC5122DFFBA /* Pods_DDJiOS.framework */; };
		49B2ED349EB188CC75E8A966 /* Pods_DDJiOSUITests.framework in Frameworks */ = {isa = PBXBuildFile; fileRef = A9ECEB5FEAB836C0F72D02DA /* Pods_DDJiOSUITests.framework */; };
		6B0744CE1DFB66FE0052AE50 /* SpotifyAuthentication.swift in Sources */ = {isa = PBXBuildFile; fileRef = 6B0744CD1DFB66FE0052AE50 /* SpotifyAuthentication.swift */; };
		6B08B8A81E2C1F7800D94898 /* CommandRunner.swift in Sources */ = {isa = PBXBuildFile; fileRef = 6B08B8A71E2C1F7800D94898 /* CommandRunner.swift */; };
		6B1AE2211E2AFAA400FD2D68 /* NewUserCommand.swift in Sources */ = {isa = PBXBuildFile; fileRef = 6B1AE2201E2AFAA400FD2D68 /* NewUserCommand.swift */; };
		6B1AE2231E2AFE5500FD2D68 /* NewUserCommandTest.swift in Sources */ = {isa = PBXBuildFile; fileRef = 6B1AE2221E2AFE5500FD2D68 /* NewUserCommandTest.swift */; };
		6B1AE2251E2B017200FD2D68 /* HeartbeatCommand.swift in Sources */ = {isa = PBXBuildFile; fileRef = 6B1AE2241E2B017200FD2D68 /* HeartbeatCommand.swift */; };
		6B1AE2291E2B01F200FD2D68 /* HeartbeatCommandTest.swift in Sources */ = {isa = PBXBuildFile; fileRef = 6B1AE2281E2B01F200FD2D68 /* HeartbeatCommandTest.swift */; };
		6B1AE22B1E2B070900FD2D68 /* HeartbeatAckCommand.swift in Sources */ = {isa = PBXBuildFile; fileRef = 6B1AE22A1E2B070900FD2D68 /* HeartbeatAckCommand.swift */; };
		6B1AE22D1E2B077100FD2D68 /* HeartbeatTimeoutCommand.swift in Sources */ = {isa = PBXBuildFile; fileRef = 6B1AE22C1E2B077100FD2D68 /* HeartbeatTimeoutCommand.swift */; };
		6B21193B1DFF7D5400F12963 /* LandingViewController.swift in Sources */ = {isa = PBXBuildFile; fileRef = 6B21193A1DFF7D5400F12963 /* LandingViewController.swift */; };
		6B22906D1E79B41700E522D1 /* SSLService.swift in Sources */ = {isa = PBXBuildFile; fileRef = 6B22906C1E79B41700E522D1 /* SSLService.swift */; };
		6B23ABDA1E485A4E002AA441 /* EndSessionTest.swift in Sources */ = {isa = PBXBuildFile; fileRef = 6B23ABD91E485A4E002AA441 /* EndSessionTest.swift */; };
		6B23ABDC1E485E4E002AA441 /* ServerNewUserCommand.swift in Sources */ = {isa = PBXBuildFile; fileRef = 6B23ABDB1E485E4E002AA441 /* ServerNewUserCommand.swift */; };
		6B23ABDE1E485FEA002AA441 /* SrvNewUserTest.swift in Sources */ = {isa = PBXBuildFile; fileRef = 6B23ABDD1E485FEA002AA441 /* SrvNewUserTest.swift */; };
		6B25FDBD1E3F1238004113CA /* Shuffle.swift in Sources */ = {isa = PBXBuildFile; fileRef = 6B25FDBC1E3F1238004113CA /* Shuffle.swift */; };
		6B25FDC11E3F14F0004113CA /* IteratorUtil.swift in Sources */ = {isa = PBXBuildFile; fileRef = 6B25FDC01E3F14F0004113CA /* IteratorUtil.swift */; };
		6B379EA91E42877200D0182A /* RemoveUserCommandTest.swift in Sources */ = {isa = PBXBuildFile; fileRef = 6B379EA81E42877200D0182A /* RemoveUserCommandTest.swift */; };
		6B379EAB1E4287AD00D0182A /* RemoveUserCommand.swift in Sources */ = {isa = PBXBuildFile; fileRef = 6B379EAA1E4287AD00D0182A /* RemoveUserCommand.swift */; };
		6B39878B1E82421E00985CA4 /* Pods_DDJiOSTests.framework in Frameworks */ = {isa = PBXBuildFile; fileRef = 6B39878A1E82421E00985CA4 /* Pods_DDJiOSTests.framework */; };
		6B39878D1E82422B00985CA4 /* Pods_DDJiOSUITests.framework in Frameworks */ = {isa = PBXBuildFile; fileRef = 6B39878C1E82422B00985CA4 /* Pods_DDJiOSUITests.framework */; };
		6B3987911E82427E00985CA4 /* Pods_DDJiOS.framework in Frameworks */ = {isa = PBXBuildFile; fileRef = 6B3987901E82427E00985CA4 /* Pods_DDJiOS.framework */; };
		6B55FD3F1E4283F6006BE71E /* HeartbeatAckCommandTest.swift in Sources */ = {isa = PBXBuildFile; fileRef = 6B55FD3E1E4283F6006BE71E /* HeartbeatAckCommandTest.swift */; };
		6B5D17C51E4BDC0D0082D2FB /* SrvGetPlaylistTest.swift in Sources */ = {isa = PBXBuildFile; fileRef = 6B5D17C41E4BDC0D0082D2FB /* SrvGetPlaylistTest.swift */; };
		6B5D17C91E4BE2DA0082D2FB /* Alamofire-Synchronous.swift in Sources */ = {isa = PBXBuildFile; fileRef = 6B5D17C81E4BE2DA0082D2FB /* Alamofire-Synchronous.swift */; };
		6B5D17CD1E4BF2A50082D2FB /* ServerRemoveUserCommand.swift in Sources */ = {isa = PBXBuildFile; fileRef = 6B5D17CC1E4BF2A50082D2FB /* ServerRemoveUserCommand.swift */; };
		6B5D17D11E4BF32D0082D2FB /* SrvRemoveUserTest.swift in Sources */ = {isa = PBXBuildFile; fileRef = 6B5D17D01E4BF32D0082D2FB /* SrvRemoveUserTest.swift */; };
		6B7110EB1E2AEA3C007E28B8 /* Command.swift in Sources */ = {isa = PBXBuildFile; fileRef = 6B7110EA1E2AEA3C007E28B8 /* Command.swift */; };
		6B7110EE1E2AEBCB007E28B8 /* UpdatePlaylistCommand.swift in Sources */ = {isa = PBXBuildFile; fileRef = 6B7110ED1E2AEBCB007E28B8 /* UpdatePlaylistCommand.swift */; };
		6B7110F01E2AEC63007E28B8 /* HostClientCommand.swift in Sources */ = {isa = PBXBuildFile; fileRef = 6B7110EF1E2AEC63007E28B8 /* HostClientCommand.swift */; };
		6B7110F21E2AEC7D007E28B8 /* ClientHostCommand.swift in Sources */ = {isa = PBXBuildFile; fileRef = 6B7110F11E2AEC7D007E28B8 /* ClientHostCommand.swift */; };
		6B7110F61E2AEF89007E28B8 /* UpdatePlaylistCommandTest.swift in Sources */ = {isa = PBXBuildFile; fileRef = 6B7110F51E2AEF89007E28B8 /* UpdatePlaylistCommandTest.swift */; };
		6B893A7D1E3BEB570094B9CD /* NewSessionTest.swift in Sources */ = {isa = PBXBuildFile; fileRef = 6B893A7C1E3BEB570094B9CD /* NewSessionTest.swift */; };
		6B8D34DB1DFA36E600023C46 /* DDJiOSUITests.swift in Sources */ = {isa = PBXBuildFile; fileRef = 6B8D34DA1DFA36E600023C46 /* DDJiOSUITests.swift */; };
		6B90B48C1E4538D100987AB0 /* DDJHost.swift in Sources */ = {isa = PBXBuildFile; fileRef = 6B90B48B1E4538D100987AB0 /* DDJHost.swift */; };
		6B973A211E2D517B002DCE12 /* ClientCommandListener.swift in Sources */ = {isa = PBXBuildFile; fileRef = 6B973A201E2D517B002DCE12 /* ClientCommandListener.swift */; };
		6B973A261E2DBFFE002DCE12 /* HostCommandListener.swift in Sources */ = {isa = PBXBuildFile; fileRef = 6B973A251E2DBFFE002DCE12 /* HostCommandListener.swift */; };
		6B973A281E2DC11A002DCE12 /* TimeoutTable.swift in Sources */ = {isa = PBXBuildFile; fileRef = 6B973A271E2DC11A002DCE12 /* TimeoutTable.swift */; };
		6B973A2A1E2DCA9E002DCE12 /* ClientViewController.swift in Sources */ = {isa = PBXBuildFile; fileRef = 6B973A291E2DCA9E002DCE12 /* ClientViewController.swift */; };
		6B9E22511DC73468001F1871 /* ZeroconfClient.swift in Sources */ = {isa = PBXBuildFile; fileRef = 6B9E224F1DC73468001F1871 /* ZeroconfClient.swift */; };
		6B9E22521DC73468001F1871 /* ZeroconfServer.swift in Sources */ = {isa = PBXBuildFile; fileRef = 6B9E22501DC73468001F1871 /* ZeroconfServer.swift */; };
		6B9E22541DC73AAC001F1871 /* ZeroconfTableView.swift in Sources */ = {isa = PBXBuildFile; fileRef = 6B9E22531DC73AAC001F1871 /* ZeroconfTableView.swift */; };
		6BC39EE61E483DE100CF13DE /* DDJHostTest.swift in Sources */ = {isa = PBXBuildFile; fileRef = 6BC39EE51E483DE100CF13DE /* DDJHostTest.swift */; };
		6BC39EE81E483EDE00CF13DE /* DDJClient.swift in Sources */ = {isa = PBXBuildFile; fileRef = 6BC39EE71E483EDE00CF13DE /* DDJClient.swift */; };
		6BC39EEA1E4854B200CF13DE /* ServerGetPlaylistCommand.swift in Sources */ = {isa = PBXBuildFile; fileRef = 6BC39EE91E4854B200CF13DE /* ServerGetPlaylistCommand.swift */; };
		6BC693AE1E4284DC00BED8A4 /* HeartbeatTimeoutCommandTest.swift in Sources */ = {isa = PBXBuildFile; fileRef = 6BC693AD1E4284DC00BED8A4 /* HeartbeatTimeoutCommandTest.swift */; };
		6BCB701F1E513F6200965207 /* SPTToolsTest.swift in Sources */ = {isa = PBXBuildFile; fileRef = 6BCB701E1E513F6200965207 /* SPTToolsTest.swift */; };
		6BCB70211E514C2800965207 /* Global.swift in Sources */ = {isa = PBXBuildFile; fileRef = 6BCB70201E514C2800965207 /* Global.swift */; };
		6BCB70241E519B4500965207 /* DDJClientDelegate.swift in Sources */ = {isa = PBXBuildFile; fileRef = 6BCB70231E519B4500965207 /* DDJClientDelegate.swift */; };
		6BCB70261E51A27800965207 /* DDJHostDelegate.swift in Sources */ = {isa = PBXBuildFile; fileRef = 6BCB70251E51A27800965207 /* DDJHostDelegate.swift */; };
		6BCB70281E51B8EF00965207 /* IFAddresses.swift in Sources */ = {isa = PBXBuildFile; fileRef = 6BCB70271E51B8EF00965207 /* IFAddresses.swift */; };
		6BCB702A1E51B93B00965207 /* IFAddresses.swift in Sources */ = {isa = PBXBuildFile; fileRef = 6BCB70291E51B93B00965207 /* IFAddresses.swift */; };
		6BCF2D2E1DD028D200C67ED3 /* ServerViewController.swift in Sources */ = {isa = PBXBuildFile; fileRef = 6BCF2D2D1DD028D200C67ED3 /* ServerViewController.swift */; };
		6BCF2D301DD0310900C67ED3 /* ServerSetupViewController.swift in Sources */ = {isa = PBXBuildFile; fileRef = 6BCF2D2F1DD0310900C67ED3 /* ServerSetupViewController.swift */; };
		6BE67AA11E3F01020022E482 /* MySpt.swift in Sources */ = {isa = PBXBuildFile; fileRef = 6BE67AA01E3F01020022E482 /* MySpt.swift */; };
		6BF1ED2A1E79B6D500B8AA3F /* EZSSL.swift in Sources */ = {isa = PBXBuildFile; fileRef = 6BF1ED291E79B6D500B8AA3F /* EZSSL.swift */; };
		6BFCF5E91E3BFA070064C868 /* EZRegex.swift in Sources */ = {isa = PBXBuildFile; fileRef = 6BFCF5E81E3BFA070064C868 /* EZRegex.swift */; };
		6BFCF5EB1E3BFE270064C868 /* ServerEndSessionCommand.swift in Sources */ = {isa = PBXBuildFile; fileRef = 6BFCF5EA1E3BFE270064C868 /* ServerEndSessionCommand.swift */; };
		9A1862B11DC10BFA0027D21E /* AppDelegate.swift in Sources */ = {isa = PBXBuildFile; fileRef = 9A1862B01DC10BFA0027D21E /* AppDelegate.swift */; };
		9A1862B61DC10BFA0027D21E /* Main.storyboard in Resources */ = {isa = PBXBuildFile; fileRef = 9A1862B41DC10BFA0027D21E /* Main.storyboard */; };
		9A1862B91DC10BFA0027D21E /* DDJiOS.xcdatamodeld in Sources */ = {isa = PBXBuildFile; fileRef = 9A1862B71DC10BFA0027D21E /* DDJiOS.xcdatamodeld */; };
		9A1862BB1DC10BFA0027D21E /* Assets.xcassets in Resources */ = {isa = PBXBuildFile; fileRef = 9A1862BA1DC10BFA0027D21E /* Assets.xcassets */; };
		9A1862BE1DC10BFA0027D21E /* LaunchScreen.storyboard in Resources */ = {isa = PBXBuildFile; fileRef = 9A1862BC1DC10BFA0027D21E /* LaunchScreen.storyboard */; };
		9AB872E11E8AFA2B00F04781 /* Pods_DDJiOS.framework in Frameworks */ = {isa = PBXBuildFile; fileRef = 9AB872E01E8AFA2B00F04781 /* Pods_DDJiOS.framework */; };
		D27D4E1241684CA6535A73E3 /* Pods_DDJiOSTests.framework in Frameworks */ = {isa = PBXBuildFile; fileRef = 525463D0ADF16FB1A45928D8 /* Pods_DDJiOSTests.framework */; };
/* End PBXBuildFile section */

/* Begin PBXContainerItemProxy section */
		6B8D34DD1DFA36E600023C46 /* PBXContainerItemProxy */ = {
			isa = PBXContainerItemProxy;
			containerPortal = 9A1862A51DC10BFA0027D21E /* Project object */;
			proxyType = 1;
			remoteGlobalIDString = 9A1862AC1DC10BFA0027D21E;
			remoteInfo = DDJiOS;
		};
		9A1862C51DC10BFA0027D21E /* PBXContainerItemProxy */ = {
			isa = PBXContainerItemProxy;
			containerPortal = 9A1862A51DC10BFA0027D21E /* Project object */;
			proxyType = 1;
			remoteGlobalIDString = 9A1862AC1DC10BFA0027D21E;
			remoteInfo = DDJiOS;
		};
/* End PBXContainerItemProxy section */

/* Begin PBXCopyFilesBuildPhase section */
		6BD708091E22A5770008E7A2 /* Embed Frameworks */ = {
			isa = PBXCopyFilesBuildPhase;
			buildActionMask = 2147483647;
			dstPath = "";
			dstSubfolderSpec = 10;
			files = (
			);
			name = "Embed Frameworks";
			runOnlyForDeploymentPostprocessing = 0;
		};
/* End PBXCopyFilesBuildPhase section */

/* Begin PBXFileReference section */
		13898BD6582F1A2F6D37E644 /* Pods-DDJiOS.debug.xcconfig */ = {isa = PBXFileReference; includeInIndex = 1; lastKnownFileType = text.xcconfig; name = "Pods-DDJiOS.debug.xcconfig"; path = "Pods/Target Support Files/Pods-DDJiOS/Pods-DDJiOS.debug.xcconfig"; sourceTree = "<group>"; };
		37D1F272AB009E43B4A67202 /* SPTManager.swift */ = {isa = PBXFileReference; fileEncoding = 4; lastKnownFileType = sourcecode.swift; path = SPTManager.swift; sourceTree = "<group>"; };
		37D1F704BCFBA4A74CA53542 /* ServerCommand.swift */ = {isa = PBXFileReference; fileEncoding = 4; lastKnownFileType = sourcecode.swift; path = ServerCommand.swift; sourceTree = "<group>"; };
		37D1F73F4F2321E13B1A6D68 /* DDJSPTTools.swift */ = {isa = PBXFileReference; fileEncoding = 4; lastKnownFileType = sourcecode.swift; path = DDJSPTTools.swift; sourceTree = "<group>"; };
		37D1FC9DC934147FBAC5E114 /* ServerNewSessionCommand.swift */ = {isa = PBXFileReference; fileEncoding = 4; lastKnownFileType = sourcecode.swift; path = ServerNewSessionCommand.swift; sourceTree = "<group>"; };
		525463D0ADF16FB1A45928D8 /* Pods_DDJiOSTests.framework */ = {isa = PBXFileReference; explicitFileType = wrapper.framework; includeInIndex = 0; path = Pods_DDJiOSTests.framework; sourceTree = BUILT_PRODUCTS_DIR; };
		610CAC45FCBFE71222D36158 /* Pods-DDJiOSTests.release.xcconfig */ = {isa = PBXFileReference; includeInIndex = 1; lastKnownFileType = text.xcconfig; name = "Pods-DDJiOSTests.release.xcconfig"; path = "Pods/Target Support Files/Pods-DDJiOSTests/Pods-DDJiOSTests.release.xcconfig"; sourceTree = "<group>"; };
		6B0744CD1DFB66FE0052AE50 /* SpotifyAuthentication.swift */ = {isa = PBXFileReference; fileEncoding = 4; lastKnownFileType = sourcecode.swift; path = SpotifyAuthentication.swift; sourceTree = "<group>"; };
		6B08B8A71E2C1F7800D94898 /* CommandRunner.swift */ = {isa = PBXFileReference; fileEncoding = 4; lastKnownFileType = sourcecode.swift; path = CommandRunner.swift; sourceTree = "<group>"; };
		6B12AA7B1DF73B2D00170297 /* DDJiOS-Bridging-Header.h */ = {isa = PBXFileReference; lastKnownFileType = sourcecode.c.h; path = "DDJiOS-Bridging-Header.h"; sourceTree = "<group>"; };
		6B1AE2201E2AFAA400FD2D68 /* NewUserCommand.swift */ = {isa = PBXFileReference; fileEncoding = 4; lastKnownFileType = sourcecode.swift; path = NewUserCommand.swift; sourceTree = "<group>"; };
		6B1AE2221E2AFE5500FD2D68 /* NewUserCommandTest.swift */ = {isa = PBXFileReference; fileEncoding = 4; lastKnownFileType = sourcecode.swift; path = NewUserCommandTest.swift; sourceTree = "<group>"; };
		6B1AE2241E2B017200FD2D68 /* HeartbeatCommand.swift */ = {isa = PBXFileReference; fileEncoding = 4; lastKnownFileType = sourcecode.swift; path = HeartbeatCommand.swift; sourceTree = "<group>"; };
		6B1AE2281E2B01F200FD2D68 /* HeartbeatCommandTest.swift */ = {isa = PBXFileReference; fileEncoding = 4; lastKnownFileType = sourcecode.swift; path = HeartbeatCommandTest.swift; sourceTree = "<group>"; };
		6B1AE22A1E2B070900FD2D68 /* HeartbeatAckCommand.swift */ = {isa = PBXFileReference; fileEncoding = 4; lastKnownFileType = sourcecode.swift; path = HeartbeatAckCommand.swift; sourceTree = "<group>"; };
		6B1AE22C1E2B077100FD2D68 /* HeartbeatTimeoutCommand.swift */ = {isa = PBXFileReference; fileEncoding = 4; lastKnownFileType = sourcecode.swift; path = HeartbeatTimeoutCommand.swift; sourceTree = "<group>"; };
		6B21193A1DFF7D5400F12963 /* LandingViewController.swift */ = {isa = PBXFileReference; fileEncoding = 4; lastKnownFileType = sourcecode.swift; path = LandingViewController.swift; sourceTree = "<group>"; };
		6B22906C1E79B41700E522D1 /* SSLService.swift */ = {isa = PBXFileReference; fileEncoding = 4; lastKnownFileType = sourcecode.swift; path = SSLService.swift; sourceTree = "<group>"; };
		6B23ABD91E485A4E002AA441 /* EndSessionTest.swift */ = {isa = PBXFileReference; fileEncoding = 4; lastKnownFileType = sourcecode.swift; path = EndSessionTest.swift; sourceTree = "<group>"; };
		6B23ABDB1E485E4E002AA441 /* ServerNewUserCommand.swift */ = {isa = PBXFileReference; fileEncoding = 4; lastKnownFileType = sourcecode.swift; path = ServerNewUserCommand.swift; sourceTree = "<group>"; };
		6B23ABDD1E485FEA002AA441 /* SrvNewUserTest.swift */ = {isa = PBXFileReference; fileEncoding = 4; lastKnownFileType = sourcecode.swift; path = SrvNewUserTest.swift; sourceTree = "<group>"; };
		6B25FDBC1E3F1238004113CA /* Shuffle.swift */ = {isa = PBXFileReference; fileEncoding = 4; lastKnownFileType = sourcecode.swift; path = Shuffle.swift; sourceTree = "<group>"; };
		6B25FDC01E3F14F0004113CA /* IteratorUtil.swift */ = {isa = PBXFileReference; fileEncoding = 4; lastKnownFileType = sourcecode.swift; path = IteratorUtil.swift; sourceTree = "<group>"; };
		6B379EA81E42877200D0182A /* RemoveUserCommandTest.swift */ = {isa = PBXFileReference; fileEncoding = 4; lastKnownFileType = sourcecode.swift; path = RemoveUserCommandTest.swift; sourceTree = "<group>"; };
		6B379EAA1E4287AD00D0182A /* RemoveUserCommand.swift */ = {isa = PBXFileReference; fileEncoding = 4; lastKnownFileType = sourcecode.swift; path = RemoveUserCommand.swift; sourceTree = "<group>"; };
		6B39878A1E82421E00985CA4 /* Pods_DDJiOSTests.framework */ = {isa = PBXFileReference; lastKnownFileType = wrapper.framework; path = Pods_DDJiOSTests.framework; sourceTree = "<group>"; };
		6B39878C1E82422B00985CA4 /* Pods_DDJiOSUITests.framework */ = {isa = PBXFileReference; lastKnownFileType = wrapper.framework; path = Pods_DDJiOSUITests.framework; sourceTree = "<group>"; };
		6B3987901E82427E00985CA4 /* Pods_DDJiOS.framework */ = {isa = PBXFileReference; lastKnownFileType = wrapper.framework; name = Pods_DDJiOS.framework; path = "../../../../Library/Developer/Xcode/DerivedData/DDJiOS-dhdelbmdtzjurmharpfdowxssrtp/Build/Products/Debug-iphonesimulator/Pods_DDJiOS.framework"; sourceTree = "<group>"; };
		6B3987921E82428600985CA4 /* RainbowSwift.framework */ = {isa = PBXFileReference; lastKnownFileType = wrapper.framework; name = RainbowSwift.framework; path = "../../../../Library/Developer/Xcode/DerivedData/DDJiOS-dhdelbmdtzjurmharpfdowxssrtp/Build/Products/Debug-iphonesimulator/RainbowSwift/RainbowSwift.framework"; sourceTree = "<group>"; };
		6B55FD3E1E4283F6006BE71E /* HeartbeatAckCommandTest.swift */ = {isa = PBXFileReference; fileEncoding = 4; lastKnownFileType = sourcecode.swift; path = HeartbeatAckCommandTest.swift; sourceTree = "<group>"; };
		6B5D17C41E4BDC0D0082D2FB /* SrvGetPlaylistTest.swift */ = {isa = PBXFileReference; fileEncoding = 4; lastKnownFileType = sourcecode.swift; path = SrvGetPlaylistTest.swift; sourceTree = "<group>"; };
		6B5D17C81E4BE2DA0082D2FB /* Alamofire-Synchronous.swift */ = {isa = PBXFileReference; fileEncoding = 4; lastKnownFileType = sourcecode.swift; path = "Alamofire-Synchronous.swift"; sourceTree = "<group>"; };
		6B5D17CC1E4BF2A50082D2FB /* ServerRemoveUserCommand.swift */ = {isa = PBXFileReference; fileEncoding = 4; lastKnownFileType = sourcecode.swift; path = ServerRemoveUserCommand.swift; sourceTree = "<group>"; };
		6B5D17D01E4BF32D0082D2FB /* SrvRemoveUserTest.swift */ = {isa = PBXFileReference; fileEncoding = 4; lastKnownFileType = sourcecode.swift; path = SrvRemoveUserTest.swift; sourceTree = "<group>"; };
		6B7110EA1E2AEA3C007E28B8 /* Command.swift */ = {isa = PBXFileReference; fileEncoding = 4; lastKnownFileType = sourcecode.swift; path = Command.swift; sourceTree = "<group>"; };
		6B7110ED1E2AEBCB007E28B8 /* UpdatePlaylistCommand.swift */ = {isa = PBXFileReference; fileEncoding = 4; lastKnownFileType = sourcecode.swift; path = UpdatePlaylistCommand.swift; sourceTree = "<group>"; };
		6B7110EF1E2AEC63007E28B8 /* HostClientCommand.swift */ = {isa = PBXFileReference; fileEncoding = 4; lastKnownFileType = sourcecode.swift; path = HostClientCommand.swift; sourceTree = "<group>"; };
		6B7110F11E2AEC7D007E28B8 /* ClientHostCommand.swift */ = {isa = PBXFileReference; fileEncoding = 4; lastKnownFileType = sourcecode.swift; path = ClientHostCommand.swift; sourceTree = "<group>"; };
		6B7110F51E2AEF89007E28B8 /* UpdatePlaylistCommandTest.swift */ = {isa = PBXFileReference; fileEncoding = 4; lastKnownFileType = sourcecode.swift; path = UpdatePlaylistCommandTest.swift; sourceTree = "<group>"; };
		6B893A7C1E3BEB570094B9CD /* NewSessionTest.swift */ = {isa = PBXFileReference; fileEncoding = 4; lastKnownFileType = sourcecode.swift; path = NewSessionTest.swift; sourceTree = "<group>"; };
		6B8D34D81DFA36E600023C46 /* DDJiOSUITests.xctest */ = {isa = PBXFileReference; explicitFileType = wrapper.cfbundle; includeInIndex = 0; path = DDJiOSUITests.xctest; sourceTree = BUILT_PRODUCTS_DIR; };
		6B8D34DA1DFA36E600023C46 /* DDJiOSUITests.swift */ = {isa = PBXFileReference; lastKnownFileType = sourcecode.swift; path = DDJiOSUITests.swift; sourceTree = "<group>"; };
		6B8D34DC1DFA36E600023C46 /* Info.plist */ = {isa = PBXFileReference; lastKnownFileType = text.plist.xml; path = Info.plist; sourceTree = "<group>"; };
		6B90B48B1E4538D100987AB0 /* DDJHost.swift */ = {isa = PBXFileReference; fileEncoding = 4; lastKnownFileType = sourcecode.swift; path = DDJHost.swift; sourceTree = "<group>"; };
		6B973A201E2D517B002DCE12 /* ClientCommandListener.swift */ = {isa = PBXFileReference; fileEncoding = 4; lastKnownFileType = sourcecode.swift; path = ClientCommandListener.swift; sourceTree = "<group>"; };
		6B973A251E2DBFFE002DCE12 /* HostCommandListener.swift */ = {isa = PBXFileReference; fileEncoding = 4; lastKnownFileType = sourcecode.swift; path = HostCommandListener.swift; sourceTree = "<group>"; };
		6B973A271E2DC11A002DCE12 /* TimeoutTable.swift */ = {isa = PBXFileReference; fileEncoding = 4; lastKnownFileType = sourcecode.swift; path = TimeoutTable.swift; sourceTree = "<group>"; };
		6B973A291E2DCA9E002DCE12 /* ClientViewController.swift */ = {isa = PBXFileReference; fileEncoding = 4; lastKnownFileType = sourcecode.swift; path = ClientViewController.swift; sourceTree = "<group>"; };
		6B9E224F1DC73468001F1871 /* ZeroconfClient.swift */ = {isa = PBXFileReference; fileEncoding = 4; lastKnownFileType = sourcecode.swift; path = ZeroconfClient.swift; sourceTree = "<group>"; };
		6B9E22501DC73468001F1871 /* ZeroconfServer.swift */ = {isa = PBXFileReference; fileEncoding = 4; lastKnownFileType = sourcecode.swift; path = ZeroconfServer.swift; sourceTree = "<group>"; };
		6B9E22531DC73AAC001F1871 /* ZeroconfTableView.swift */ = {isa = PBXFileReference; fileEncoding = 4; lastKnownFileType = sourcecode.swift; path = ZeroconfTableView.swift; sourceTree = "<group>"; };
		6BC39EE51E483DE100CF13DE /* DDJHostTest.swift */ = {isa = PBXFileReference; fileEncoding = 4; lastKnownFileType = sourcecode.swift; path = DDJHostTest.swift; sourceTree = "<group>"; };
		6BC39EE71E483EDE00CF13DE /* DDJClient.swift */ = {isa = PBXFileReference; fileEncoding = 4; lastKnownFileType = sourcecode.swift; path = DDJClient.swift; sourceTree = "<group>"; };
		6BC39EE91E4854B200CF13DE /* ServerGetPlaylistCommand.swift */ = {isa = PBXFileReference; fileEncoding = 4; lastKnownFileType = sourcecode.swift; path = ServerGetPlaylistCommand.swift; sourceTree = "<group>"; };
		6BC693AD1E4284DC00BED8A4 /* HeartbeatTimeoutCommandTest.swift */ = {isa = PBXFileReference; fileEncoding = 4; lastKnownFileType = sourcecode.swift; path = HeartbeatTimeoutCommandTest.swift; sourceTree = "<group>"; };
		6BCB701E1E513F6200965207 /* SPTToolsTest.swift */ = {isa = PBXFileReference; fileEncoding = 4; lastKnownFileType = sourcecode.swift; path = SPTToolsTest.swift; sourceTree = "<group>"; };
		6BCB70201E514C2800965207 /* Global.swift */ = {isa = PBXFileReference; fileEncoding = 4; lastKnownFileType = sourcecode.swift; path = Global.swift; sourceTree = "<group>"; };
		6BCB70231E519B4500965207 /* DDJClientDelegate.swift */ = {isa = PBXFileReference; fileEncoding = 4; lastKnownFileType = sourcecode.swift; path = DDJClientDelegate.swift; sourceTree = "<group>"; };
		6BCB70251E51A27800965207 /* DDJHostDelegate.swift */ = {isa = PBXFileReference; fileEncoding = 4; lastKnownFileType = sourcecode.swift; path = DDJHostDelegate.swift; sourceTree = "<group>"; };
		6BCB70271E51B8EF00965207 /* IFAddresses.swift */ = {isa = PBXFileReference; fileEncoding = 4; lastKnownFileType = sourcecode.swift; path = IFAddresses.swift; sourceTree = "<group>"; };
		6BCB70291E51B93B00965207 /* IFAddresses.swift */ = {isa = PBXFileReference; fileEncoding = 4; lastKnownFileType = sourcecode.swift; path = IFAddresses.swift; sourceTree = "<group>"; };
		6BCF2D2D1DD028D200C67ED3 /* ServerViewController.swift */ = {isa = PBXFileReference; fileEncoding = 4; lastKnownFileType = sourcecode.swift; path = ServerViewController.swift; sourceTree = "<group>"; };
		6BCF2D2F1DD0310900C67ED3 /* ServerSetupViewController.swift */ = {isa = PBXFileReference; fileEncoding = 4; lastKnownFileType = sourcecode.swift; path = ServerSetupViewController.swift; sourceTree = "<group>"; };
		6BE67AA01E3F01020022E482 /* MySpt.swift */ = {isa = PBXFileReference; fileEncoding = 4; lastKnownFileType = sourcecode.swift; path = MySpt.swift; sourceTree = "<group>"; };
		6BF1ED291E79B6D500B8AA3F /* EZSSL.swift */ = {isa = PBXFileReference; fileEncoding = 4; lastKnownFileType = sourcecode.swift; path = EZSSL.swift; sourceTree = "<group>"; };
		6BFCF5E81E3BFA070064C868 /* EZRegex.swift */ = {isa = PBXFileReference; fileEncoding = 4; lastKnownFileType = sourcecode.swift; path = EZRegex.swift; sourceTree = "<group>"; };
		6BFCF5EA1E3BFE270064C868 /* ServerEndSessionCommand.swift */ = {isa = PBXFileReference; fileEncoding = 4; lastKnownFileType = sourcecode.swift; path = ServerEndSessionCommand.swift; sourceTree = "<group>"; };
		757E05A56B20E6E57D7DDCDE /* Pods-DDJiOSUITests.debug.xcconfig */ = {isa = PBXFileReference; includeInIndex = 1; lastKnownFileType = text.xcconfig; name = "Pods-DDJiOSUITests.debug.xcconfig"; path = "Pods/Target Support Files/Pods-DDJiOSUITests/Pods-DDJiOSUITests.debug.xcconfig"; sourceTree = "<group>"; };
		7C0BCF19C25A3DC5122DFFBA /* Pods_DDJiOS.framework */ = {isa = PBXFileReference; explicitFileType = wrapper.framework; includeInIndex = 0; path = Pods_DDJiOS.framework; sourceTree = BUILT_PRODUCTS_DIR; };
		8D5EBBF1515CB9D967049504 /* Pods-DDJiOS.release.xcconfig */ = {isa = PBXFileReference; includeInIndex = 1; lastKnownFileType = text.xcconfig; name = "Pods-DDJiOS.release.xcconfig"; path = "Pods/Target Support Files/Pods-DDJiOS/Pods-DDJiOS.release.xcconfig"; sourceTree = "<group>"; };
		9A1862AD1DC10BFA0027D21E /* DDJiOS.app */ = {isa = PBXFileReference; explicitFileType = wrapper.application; includeInIndex = 0; path = DDJiOS.app; sourceTree = BUILT_PRODUCTS_DIR; };
		9A1862B01DC10BFA0027D21E /* AppDelegate.swift */ = {isa = PBXFileReference; lastKnownFileType = sourcecode.swift; path = AppDelegate.swift; sourceTree = "<group>"; };
		9A1862B51DC10BFA0027D21E /* Base */ = {isa = PBXFileReference; lastKnownFileType = file.storyboard; name = Base; path = Base.lproj/Main.storyboard; sourceTree = "<group>"; };
		9A1862B81DC10BFA0027D21E /* DDJiOS.xcdatamodel */ = {isa = PBXFileReference; lastKnownFileType = wrapper.xcdatamodel; path = DDJiOS.xcdatamodel; sourceTree = "<group>"; };
		9A1862BA1DC10BFA0027D21E /* Assets.xcassets */ = {isa = PBXFileReference; lastKnownFileType = folder.assetcatalog; path = Assets.xcassets; sourceTree = "<group>"; };
		9A1862BD1DC10BFA0027D21E /* Base */ = {isa = PBXFileReference; lastKnownFileType = file.storyboard; name = Base; path = Base.lproj/LaunchScreen.storyboard; sourceTree = "<group>"; };
		9A1862BF1DC10BFA0027D21E /* Info.plist */ = {isa = PBXFileReference; lastKnownFileType = text.plist.xml; path = Info.plist; sourceTree = "<group>"; };
		9A1862C41DC10BFA0027D21E /* DDJiOSTests.xctest */ = {isa = PBXFileReference; explicitFileType = wrapper.cfbundle; includeInIndex = 0; path = DDJiOSTests.xctest; sourceTree = BUILT_PRODUCTS_DIR; };
		9A1862CA1DC10BFA0027D21E /* Info.plist */ = {isa = PBXFileReference; lastKnownFileType = text.plist.xml; path = Info.plist; sourceTree = "<group>"; };
		9AB872E01E8AFA2B00F04781 /* Pods_DDJiOS.framework */ = {isa = PBXFileReference; lastKnownFileType = wrapper.framework; path = Pods_DDJiOS.framework; sourceTree = "<group>"; };
		A9ECEB5FEAB836C0F72D02DA /* Pods_DDJiOSUITests.framework */ = {isa = PBXFileReference; explicitFileType = wrapper.framework; includeInIndex = 0; path = Pods_DDJiOSUITests.framework; sourceTree = BUILT_PRODUCTS_DIR; };
		EEE9E0795A1E1300C15D6758 /* Pods-DDJiOSTests.debug.xcconfig */ = {isa = PBXFileReference; includeInIndex = 1; lastKnownFileType = text.xcconfig; name = "Pods-DDJiOSTests.debug.xcconfig"; path = "Pods/Target Support Files/Pods-DDJiOSTests/Pods-DDJiOSTests.debug.xcconfig"; sourceTree = "<group>"; };
		EF79F7EF9EC2A92F35DC825D /* Pods-DDJiOSUITests.release.xcconfig */ = {isa = PBXFileReference; includeInIndex = 1; lastKnownFileType = text.xcconfig; name = "Pods-DDJiOSUITests.release.xcconfig"; path = "Pods/Target Support Files/Pods-DDJiOSUITests/Pods-DDJiOSUITests.release.xcconfig"; sourceTree = "<group>"; };
/* End PBXFileReference section */

/* Begin PBXFrameworksBuildPhase section */
		6B8D34D51DFA36E600023C46 /* Frameworks */ = {
			isa = PBXFrameworksBuildPhase;
			buildActionMask = 2147483647;
			files = (
				6B39878D1E82422B00985CA4 /* Pods_DDJiOSUITests.framework in Frameworks */,
				49B2ED349EB188CC75E8A966 /* Pods_DDJiOSUITests.framework in Frameworks */,
			);
			runOnlyForDeploymentPostprocessing = 0;
		};
		9A1862AA1DC10BFA0027D21E /* Frameworks */ = {
			isa = PBXFrameworksBuildPhase;
			buildActionMask = 2147483647;
			files = (
				9AB872E11E8AFA2B00F04781 /* Pods_DDJiOS.framework in Frameworks */,
				6B3987911E82427E00985CA4 /* Pods_DDJiOS.framework in Frameworks */,
				47F6B867A03A7E3D557EECD4 /* Pods_DDJiOS.framework in Frameworks */,
			);
			runOnlyForDeploymentPostprocessing = 0;
		};
		9A1862C11DC10BFA0027D21E /* Frameworks */ = {
			isa = PBXFrameworksBuildPhase;
			buildActionMask = 2147483647;
			files = (
				6B39878B1E82421E00985CA4 /* Pods_DDJiOSTests.framework in Frameworks */,
				D27D4E1241684CA6535A73E3 /* Pods_DDJiOSTests.framework in Frameworks */,
			);
			runOnlyForDeploymentPostprocessing = 0;
		};
/* End PBXFrameworksBuildPhase section */

/* Begin PBXGroup section */
		6B25FDBB1E3F1229004113CA /* Utility */ = {
			isa = PBXGroup;
			children = (
				6BFCF5E81E3BFA070064C868 /* EZRegex.swift */,
				6B22906C1E79B41700E522D1 /* SSLService.swift */,
				6BF1ED291E79B6D500B8AA3F /* EZSSL.swift */,
				6B25FDBC1E3F1238004113CA /* Shuffle.swift */,
				6B25FDC01E3F14F0004113CA /* IteratorUtil.swift */,
				6B5D17C81E4BE2DA0082D2FB /* Alamofire-Synchronous.swift */,
				37D1F73F4F2321E13B1A6D68 /* DDJSPTTools.swift */,
				6BE67AA01E3F01020022E482 /* MySpt.swift */,
				6BCB70201E514C2800965207 /* Global.swift */,
				6BCB70271E51B8EF00965207 /* IFAddresses.swift */,
				6B0744CD1DFB66FE0052AE50 /* SpotifyAuthentication.swift */,
			);
			name = Utility;
			sourceTree = "<group>";
		};
		6B5D17C61E4BDC100082D2FB /* ServerCommands */ = {
			isa = PBXGroup;
			children = (
				6B893A7C1E3BEB570094B9CD /* NewSessionTest.swift */,
				6B23ABD91E485A4E002AA441 /* EndSessionTest.swift */,
				6B23ABDD1E485FEA002AA441 /* SrvNewUserTest.swift */,
				6B5D17C41E4BDC0D0082D2FB /* SrvGetPlaylistTest.swift */,
				6B5D17D01E4BF32D0082D2FB /* SrvRemoveUserTest.swift */,
			);
			name = ServerCommands;
			sourceTree = "<group>";
		};
		6B5D17C71E4BDC1F0082D2FB /* HostClientCommands */ = {
			isa = PBXGroup;
			children = (
				6B7110F51E2AEF89007E28B8 /* UpdatePlaylistCommandTest.swift */,
				6B1AE2221E2AFE5500FD2D68 /* NewUserCommandTest.swift */,
				6B379EA81E42877200D0182A /* RemoveUserCommandTest.swift */,
				6B1AE2281E2B01F200FD2D68 /* HeartbeatCommandTest.swift */,
				6B55FD3E1E4283F6006BE71E /* HeartbeatAckCommandTest.swift */,
				6BC693AD1E4284DC00BED8A4 /* HeartbeatTimeoutCommandTest.swift */,
			);
			name = HostClientCommands;
			sourceTree = "<group>";
		};
		6B68CDE81E82A2CE0045E46F /* ServerCommands */ = {
			isa = PBXGroup;
			children = (
				37D1F704BCFBA4A74CA53542 /* ServerCommand.swift */,
				37D1FC9DC934147FBAC5E114 /* ServerNewSessionCommand.swift */,
				6BFCF5EA1E3BFE270064C868 /* ServerEndSessionCommand.swift */,
				6BC39EE91E4854B200CF13DE /* ServerGetPlaylistCommand.swift */,
				6B23ABDB1E485E4E002AA441 /* ServerNewUserCommand.swift */,
				6B5D17CC1E4BF2A50082D2FB /* ServerRemoveUserCommand.swift */,
			);
			name = ServerCommands;
			sourceTree = "<group>";
		};
		6B68CDE91E82A3A20045E46F /* DDJClient */ = {
			isa = PBXGroup;
			children = (
				6BC39EE71E483EDE00CF13DE /* DDJClient.swift */,
				6BCB70231E519B4500965207 /* DDJClientDelegate.swift */,
				6B9E224F1DC73468001F1871 /* ZeroconfClient.swift */,
			);
			name = DDJClient;
			sourceTree = "<group>";
		};
		6B7110EC1E2AEB88007E28B8 /* Commands */ = {
			isa = PBXGroup;
			children = (
				6B7110EA1E2AEA3C007E28B8 /* Command.swift */,
				6BF2C40F1E3944C300579142 /* CommandRunner */,
				6BF2C40E1E39438C00579142 /* HostServerCommands */,
				6BF2C4111E3944E500579142 /* ClientHostCommands */,
				6BF2C4101E3944DC00579142 /* HostClientCommands */,
			);
			name = Commands;
			sourceTree = "<group>";
		};
		6B7110F31E2AEF62007E28B8 /* Models */ = {
			isa = PBXGroup;
			children = (
				6B7110F41E2AEF6B007E28B8 /* Commands */,
			);
			name = Models;
			sourceTree = "<group>";
		};
		6B7110F41E2AEF6B007E28B8 /* Commands */ = {
			isa = PBXGroup;
			children = (
				6B5D17C71E4BDC1F0082D2FB /* HostClientCommands */,
				6B5D17C61E4BDC100082D2FB /* ServerCommands */,
			);
			name = Commands;
			sourceTree = "<group>";
		};
		6B8190421E513BC9004B59B7 /* Utility */ = {
			isa = PBXGroup;
			children = (
				37D1F272AB009E43B4A67202 /* SPTManager.swift */,
				6BCB701E1E513F6200965207 /* SPTToolsTest.swift */,
				6BCB70291E51B93B00965207 /* IFAddresses.swift */,
			);
			name = Utility;
			sourceTree = "<group>";
		};
		6B8D34D91DFA36E600023C46 /* DDJiOSUITests */ = {
			isa = PBXGroup;
			children = (
				6B8D34DA1DFA36E600023C46 /* DDJiOSUITests.swift */,
				6B8D34DC1DFA36E600023C46 /* Info.plist */,
				6B39878C1E82422B00985CA4 /* Pods_DDJiOSUITests.framework */,
			);
			path = DDJiOSUITests;
			sourceTree = "<group>";
		};
		6B90B48A1E4538C300987AB0 /* DDJHost */ = {
			isa = PBXGroup;
			children = (
				6B973A271E2DC11A002DCE12 /* TimeoutTable.swift */,
				6B90B48B1E4538D100987AB0 /* DDJHost.swift */,
				6BCB70251E51A27800965207 /* DDJHostDelegate.swift */,
				6B9E22501DC73468001F1871 /* ZeroconfServer.swift */,
			);
			name = DDJHost;
			sourceTree = "<group>";
		};
		6B973A221E2D574D002DCE12 /* UI */ = {
			isa = PBXGroup;
			children = (
				6BCB70221E51963900965207 /* VC */,
			);
			name = UI;
			sourceTree = "<group>";
		};
		6BC39EE41E483DCB00CF13DE /* DDJHost */ = {
			isa = PBXGroup;
			children = (
				6BC39EE51E483DE100CF13DE /* DDJHostTest.swift */,
			);
			name = DDJHost;
			sourceTree = "<group>";
		};
		6BCB70221E51963900965207 /* VC */ = {
			isa = PBXGroup;
			children = (
				6B973A291E2DCA9E002DCE12 /* ClientViewController.swift */,
				6B21193A1DFF7D5400F12963 /* LandingViewController.swift */,
				6BCF2D2F1DD0310900C67ED3 /* ServerSetupViewController.swift */,
				6BCF2D2D1DD028D200C67ED3 /* ServerViewController.swift */,
				6B9E22531DC73AAC001F1871 /* ZeroconfTableView.swift */,
			);
			name = VC;
			sourceTree = "<group>";
		};
		6BD3B49F1E08C53B005CF098 /* CommandCentral */ = {
			isa = PBXGroup;
			children = (
				6B68CDE81E82A2CE0045E46F /* ServerCommands */,
				6B7110EC1E2AEB88007E28B8 /* Commands */,
			);
			name = CommandCentral;
			sourceTree = "<group>";
		};
		6BD7080A1E22A5A90008E7A2 /* Frameworks */ = {
			isa = PBXGroup;
			children = (
				6B3987921E82428600985CA4 /* RainbowSwift.framework */,
				6B3987901E82427E00985CA4 /* Pods_DDJiOS.framework */,
				7C0BCF19C25A3DC5122DFFBA /* Pods_DDJiOS.framework */,
				525463D0ADF16FB1A45928D8 /* Pods_DDJiOSTests.framework */,
				A9ECEB5FEAB836C0F72D02DA /* Pods_DDJiOSUITests.framework */,
			);
			name = Frameworks;
			sourceTree = "<group>";
		};
		6BF2C40E1E39438C00579142 /* HostServerCommands */ = {
			isa = PBXGroup;
			children = (
			);
			name = HostServerCommands;
			sourceTree = "<group>";
		};
		6BF2C40F1E3944C300579142 /* CommandRunner */ = {
			isa = PBXGroup;
			children = (
				6B08B8A71E2C1F7800D94898 /* CommandRunner.swift */,
				6B973A201E2D517B002DCE12 /* ClientCommandListener.swift */,
				6B973A251E2DBFFE002DCE12 /* HostCommandListener.swift */,
			);
			name = CommandRunner;
			sourceTree = "<group>";
		};
		6BF2C4101E3944DC00579142 /* HostClientCommands */ = {
			isa = PBXGroup;
			children = (
				6B7110ED1E2AEBCB007E28B8 /* UpdatePlaylistCommand.swift */,
				6B7110EF1E2AEC63007E28B8 /* HostClientCommand.swift */,
				6B1AE2241E2B017200FD2D68 /* HeartbeatCommand.swift */,
				6B1AE22C1E2B077100FD2D68 /* HeartbeatTimeoutCommand.swift */,
			);
			name = HostClientCommands;
			sourceTree = "<group>";
		};
		6BF2C4111E3944E500579142 /* ClientHostCommands */ = {
			isa = PBXGroup;
			children = (
				6B7110F11E2AEC7D007E28B8 /* ClientHostCommand.swift */,
				6B1AE2201E2AFAA400FD2D68 /* NewUserCommand.swift */,
				6B1AE22A1E2B070900FD2D68 /* HeartbeatAckCommand.swift */,
				6B379EAA1E4287AD00D0182A /* RemoveUserCommand.swift */,
			);
			name = ClientHostCommands;
			sourceTree = "<group>";
		};
		9A1862A41DC10BFA0027D21E = {
			isa = PBXGroup;
			children = (
				9A1862AF1DC10BFA0027D21E /* DDJiOS */,
				9A1862C71DC10BFA0027D21E /* DDJiOSTests */,
				6B8D34D91DFA36E600023C46 /* DDJiOSUITests */,
				9A1862AE1DC10BFA0027D21E /* Products */,
				6BD7080A1E22A5A90008E7A2 /* Frameworks */,
				D76BBBF5422E3E549CDFBE69 /* Pods */,
			);
			sourceTree = "<group>";
		};
		9A1862AE1DC10BFA0027D21E /* Products */ = {
			isa = PBXGroup;
			children = (
				9A1862AD1DC10BFA0027D21E /* DDJiOS.app */,
				9A1862C41DC10BFA0027D21E /* DDJiOSTests.xctest */,
				6B8D34D81DFA36E600023C46 /* DDJiOSUITests.xctest */,
			);
			name = Products;
			sourceTree = "<group>";
		};
		9A1862AF1DC10BFA0027D21E /* DDJiOS */ = {
			isa = PBXGroup;
			children = (
				6B68CDE91E82A3A20045E46F /* DDJClient */,
				6B90B48A1E4538C300987AB0 /* DDJHost */,
				6B25FDBB1E3F1229004113CA /* Utility */,
				6B973A221E2D574D002DCE12 /* UI */,
				6BD3B49F1E08C53B005CF098 /* CommandCentral */,
				9A1862B01DC10BFA0027D21E /* AppDelegate.swift */,
				9A1862B41DC10BFA0027D21E /* Main.storyboard */,
				9A1862BA1DC10BFA0027D21E /* Assets.xcassets */,
				9A1862BC1DC10BFA0027D21E /* LaunchScreen.storyboard */,
				9A1862BF1DC10BFA0027D21E /* Info.plist */,
				9A1862B71DC10BFA0027D21E /* DDJiOS.xcdatamodeld */,
				6B12AA7B1DF73B2D00170297 /* DDJiOS-Bridging-Header.h */,
				9AB872E01E8AFA2B00F04781 /* Pods_DDJiOS.framework */,
			);
			path = DDJiOS;
			sourceTree = "<group>";
		};
		9A1862C71DC10BFA0027D21E /* DDJiOSTests */ = {
			isa = PBXGroup;
			children = (
				6B8190421E513BC9004B59B7 /* Utility */,
				6BC39EE41E483DCB00CF13DE /* DDJHost */,
				6B7110F31E2AEF62007E28B8 /* Models */,
				9A1862CA1DC10BFA0027D21E /* Info.plist */,
				6B39878A1E82421E00985CA4 /* Pods_DDJiOSTests.framework */,
			);
			path = DDJiOSTests;
			sourceTree = "<group>";
		};
		D76BBBF5422E3E549CDFBE69 /* Pods */ = {
			isa = PBXGroup;
			children = (
				13898BD6582F1A2F6D37E644 /* Pods-DDJiOS.debug.xcconfig */,
				8D5EBBF1515CB9D967049504 /* Pods-DDJiOS.release.xcconfig */,
				EEE9E0795A1E1300C15D6758 /* Pods-DDJiOSTests.debug.xcconfig */,
				610CAC45FCBFE71222D36158 /* Pods-DDJiOSTests.release.xcconfig */,
				757E05A56B20E6E57D7DDCDE /* Pods-DDJiOSUITests.debug.xcconfig */,
				EF79F7EF9EC2A92F35DC825D /* Pods-DDJiOSUITests.release.xcconfig */,
			);
			name = Pods;
			sourceTree = "<group>";
		};
/* End PBXGroup section */

/* Begin PBXNativeTarget section */
		6B8D34D71DFA36E600023C46 /* DDJiOSUITests */ = {
			isa = PBXNativeTarget;
			buildConfigurationList = 6B8D34E11DFA36E600023C46 /* Build configuration list for PBXNativeTarget "DDJiOSUITests" */;
			buildPhases = (
				96B193F800AE0D651ECC3C84 /* [CP] Check Pods Manifest.lock */,
				6B8D34D41DFA36E600023C46 /* Sources */,
				6B8D34D51DFA36E600023C46 /* Frameworks */,
				6B8D34D61DFA36E600023C46 /* Resources */,
				FEDE69DBD3F673E88C8577D5 /* [CP] Embed Pods Frameworks */,
				604F5F6CC49E45A9836FFF45 /* [CP] Copy Pods Resources */,
			);
			buildRules = (
			);
			dependencies = (
				6B8D34DE1DFA36E600023C46 /* PBXTargetDependency */,
			);
			name = DDJiOSUITests;
			productName = DDJiOSUITests;
			productReference = 6B8D34D81DFA36E600023C46 /* DDJiOSUITests.xctest */;
			productType = "com.apple.product-type.bundle.ui-testing";
		};
		9A1862AC1DC10BFA0027D21E /* DDJiOS */ = {
			isa = PBXNativeTarget;
			buildConfigurationList = 9A1862CD1DC10BFA0027D21E /* Build configuration list for PBXNativeTarget "DDJiOS" */;
			buildPhases = (
				FDCCF4CF7E49663043BDC350 /* [CP] Check Pods Manifest.lock */,
				9A1862A91DC10BFA0027D21E /* Sources */,
				9A1862AA1DC10BFA0027D21E /* Frameworks */,
				9A1862AB1DC10BFA0027D21E /* Resources */,
				6BD708091E22A5770008E7A2 /* Embed Frameworks */,
				F8E11E84CBC3B8A17604E312 /* [CP] Embed Pods Frameworks */,
				F08111D3790019ED659BD014 /* [CP] Copy Pods Resources */,
			);
			buildRules = (
			);
			dependencies = (
			);
			name = DDJiOS;
			productName = DDJiOS;
			productReference = 9A1862AD1DC10BFA0027D21E /* DDJiOS.app */;
			productType = "com.apple.product-type.application";
		};
		9A1862C31DC10BFA0027D21E /* DDJiOSTests */ = {
			isa = PBXNativeTarget;
			buildConfigurationList = 9A1862D01DC10BFA0027D21E /* Build configuration list for PBXNativeTarget "DDJiOSTests" */;
			buildPhases = (
				F102C95B91A0E20AE8AFAE68 /* [CP] Check Pods Manifest.lock */,
				9A1862C01DC10BFA0027D21E /* Sources */,
				9A1862C11DC10BFA0027D21E /* Frameworks */,
				9A1862C21DC10BFA0027D21E /* Resources */,
				DCB33FABC3AC2AC90767F260 /* [CP] Embed Pods Frameworks */,
				33E1FCC17966F086A4BA361F /* [CP] Copy Pods Resources */,
			);
			buildRules = (
			);
			dependencies = (
				9A1862C61DC10BFA0027D21E /* PBXTargetDependency */,
			);
			name = DDJiOSTests;
			productName = DDJiOSTests;
			productReference = 9A1862C41DC10BFA0027D21E /* DDJiOSTests.xctest */;
			productType = "com.apple.product-type.bundle.unit-test";
		};
/* End PBXNativeTarget section */

/* Begin PBXProject section */
		9A1862A51DC10BFA0027D21E /* Project object */ = {
			isa = PBXProject;
			attributes = {
				LastSwiftUpdateCheck = 0810;
				LastUpgradeCheck = 0810;
				ORGANIZATIONNAME = msoe;
				TargetAttributes = {
					6B8D34D71DFA36E600023C46 = {
						CreatedOnToolsVersion = 8.1;
						ProvisioningStyle = Automatic;
						TestTargetID = 9A1862AC1DC10BFA0027D21E;
					};
					9A1862AC1DC10BFA0027D21E = {
						CreatedOnToolsVersion = 7.3;
						DevelopmentTeam = E7NF7S5WRQ;
						LastSwiftMigration = 0810;
					};
					9A1862C31DC10BFA0027D21E = {
						CreatedOnToolsVersion = 7.3;
						DevelopmentTeam = E7NF7S5WRQ;
						LastSwiftMigration = 0800;
						TestTargetID = 9A1862AC1DC10BFA0027D21E;
					};
				};
			};
			buildConfigurationList = 9A1862A81DC10BFA0027D21E /* Build configuration list for PBXProject "DDJiOS" */;
			compatibilityVersion = "Xcode 3.2";
			developmentRegion = English;
			hasScannedForEncodings = 0;
			knownRegions = (
				en,
				Base,
			);
			mainGroup = 9A1862A41DC10BFA0027D21E;
			productRefGroup = 9A1862AE1DC10BFA0027D21E /* Products */;
			projectDirPath = "";
			projectRoot = "";
			targets = (
				9A1862AC1DC10BFA0027D21E /* DDJiOS */,
				9A1862C31DC10BFA0027D21E /* DDJiOSTests */,
				6B8D34D71DFA36E600023C46 /* DDJiOSUITests */,
			);
		};
/* End PBXProject section */

/* Begin PBXResourcesBuildPhase section */
		6B8D34D61DFA36E600023C46 /* Resources */ = {
			isa = PBXResourcesBuildPhase;
			buildActionMask = 2147483647;
			files = (
			);
			runOnlyForDeploymentPostprocessing = 0;
		};
		9A1862AB1DC10BFA0027D21E /* Resources */ = {
			isa = PBXResourcesBuildPhase;
			buildActionMask = 2147483647;
			files = (
				9A1862BE1DC10BFA0027D21E /* LaunchScreen.storyboard in Resources */,
				9A1862BB1DC10BFA0027D21E /* Assets.xcassets in Resources */,
				9A1862B61DC10BFA0027D21E /* Main.storyboard in Resources */,
			);
			runOnlyForDeploymentPostprocessing = 0;
		};
		9A1862C21DC10BFA0027D21E /* Resources */ = {
			isa = PBXResourcesBuildPhase;
			buildActionMask = 2147483647;
			files = (
			);
			runOnlyForDeploymentPostprocessing = 0;
		};
/* End PBXResourcesBuildPhase section */

/* Begin PBXShellScriptBuildPhase section */
		33E1FCC17966F086A4BA361F /* [CP] Copy Pods Resources */ = {
			isa = PBXShellScriptBuildPhase;
			buildActionMask = 2147483647;
			files = (
			);
			inputPaths = (
			);
			name = "[CP] Copy Pods Resources";
			outputPaths = (
			);
			runOnlyForDeploymentPostprocessing = 0;
			shellPath = /bin/sh;
			shellScript = "\"${SRCROOT}/Pods/Target Support Files/Pods-DDJiOSTests/Pods-DDJiOSTests-resources.sh\"\n";
			showEnvVarsInLog = 0;
		};
		604F5F6CC49E45A9836FFF45 /* [CP] Copy Pods Resources */ = {
			isa = PBXShellScriptBuildPhase;
			buildActionMask = 2147483647;
			files = (
			);
			inputPaths = (
			);
			name = "[CP] Copy Pods Resources";
			outputPaths = (
			);
			runOnlyForDeploymentPostprocessing = 0;
			shellPath = /bin/sh;
			shellScript = "\"${SRCROOT}/Pods/Target Support Files/Pods-DDJiOSUITests/Pods-DDJiOSUITests-resources.sh\"\n";
			showEnvVarsInLog = 0;
		};
		96B193F800AE0D651ECC3C84 /* [CP] Check Pods Manifest.lock */ = {
			isa = PBXShellScriptBuildPhase;
			buildActionMask = 2147483647;
			files = (
			);
			inputPaths = (
			);
			name = "[CP] Check Pods Manifest.lock";
			outputPaths = (
			);
			runOnlyForDeploymentPostprocessing = 0;
			shellPath = /bin/sh;
			shellScript = "diff \"${PODS_ROOT}/../Podfile.lock\" \"${PODS_ROOT}/Manifest.lock\" > /dev/null\nif [ $? != 0 ] ; then\n    # print error to STDERR\n    echo \"error: The sandbox is not in sync with the Podfile.lock. Run 'pod install' or update your CocoaPods installation.\" >&2\n    exit 1\nfi\n";
			showEnvVarsInLog = 0;
		};
		DCB33FABC3AC2AC90767F260 /* [CP] Embed Pods Frameworks */ = {
			isa = PBXShellScriptBuildPhase;
			buildActionMask = 2147483647;
			files = (
			);
			inputPaths = (
			);
			name = "[CP] Embed Pods Frameworks";
			outputPaths = (
			);
			runOnlyForDeploymentPostprocessing = 0;
			shellPath = /bin/sh;
			shellScript = "\"${SRCROOT}/Pods/Target Support Files/Pods-DDJiOSTests/Pods-DDJiOSTests-frameworks.sh\"\n";
			showEnvVarsInLog = 0;
		};
		F08111D3790019ED659BD014 /* [CP] Copy Pods Resources */ = {
			isa = PBXShellScriptBuildPhase;
			buildActionMask = 2147483647;
			files = (
			);
			inputPaths = (
			);
			name = "[CP] Copy Pods Resources";
			outputPaths = (
			);
			runOnlyForDeploymentPostprocessing = 0;
			shellPath = /bin/sh;
			shellScript = "\"${SRCROOT}/Pods/Target Support Files/Pods-DDJiOS/Pods-DDJiOS-resources.sh\"\n";
			showEnvVarsInLog = 0;
		};
		F102C95B91A0E20AE8AFAE68 /* [CP] Check Pods Manifest.lock */ = {
			isa = PBXShellScriptBuildPhase;
			buildActionMask = 2147483647;
			files = (
			);
			inputPaths = (
			);
			name = "[CP] Check Pods Manifest.lock";
			outputPaths = (
			);
			runOnlyForDeploymentPostprocessing = 0;
			shellPath = /bin/sh;
			shellScript = "diff \"${PODS_ROOT}/../Podfile.lock\" \"${PODS_ROOT}/Manifest.lock\" > /dev/null\nif [ $? != 0 ] ; then\n    # print error to STDERR\n    echo \"error: The sandbox is not in sync with the Podfile.lock. Run 'pod install' or update your CocoaPods installation.\" >&2\n    exit 1\nfi\n";
			showEnvVarsInLog = 0;
		};
		F8E11E84CBC3B8A17604E312 /* [CP] Embed Pods Frameworks */ = {
			isa = PBXShellScriptBuildPhase;
			buildActionMask = 2147483647;
			files = (
			);
			inputPaths = (
			);
			name = "[CP] Embed Pods Frameworks";
			outputPaths = (
			);
			runOnlyForDeploymentPostprocessing = 0;
			shellPath = /bin/sh;
			shellScript = "\"${SRCROOT}/Pods/Target Support Files/Pods-DDJiOS/Pods-DDJiOS-frameworks.sh\"\n";
			showEnvVarsInLog = 0;
		};
		FDCCF4CF7E49663043BDC350 /* [CP] Check Pods Manifest.lock */ = {
			isa = PBXShellScriptBuildPhase;
			buildActionMask = 2147483647;
			files = (
			);
			inputPaths = (
			);
			name = "[CP] Check Pods Manifest.lock";
			outputPaths = (
			);
			runOnlyForDeploymentPostprocessing = 0;
			shellPath = /bin/sh;
			shellScript = "diff \"${PODS_ROOT}/../Podfile.lock\" \"${PODS_ROOT}/Manifest.lock\" > /dev/null\nif [ $? != 0 ] ; then\n    # print error to STDERR\n    echo \"error: The sandbox is not in sync with the Podfile.lock. Run 'pod install' or update your CocoaPods installation.\" >&2\n    exit 1\nfi\n";
			showEnvVarsInLog = 0;
		};
		FEDE69DBD3F673E88C8577D5 /* [CP] Embed Pods Frameworks */ = {
			isa = PBXShellScriptBuildPhase;
			buildActionMask = 2147483647;
			files = (
			);
			inputPaths = (
			);
			name = "[CP] Embed Pods Frameworks";
			outputPaths = (
			);
			runOnlyForDeploymentPostprocessing = 0;
			shellPath = /bin/sh;
			shellScript = "\"${SRCROOT}/Pods/Target Support Files/Pods-DDJiOSUITests/Pods-DDJiOSUITests-frameworks.sh\"\n";
			showEnvVarsInLog = 0;
		};
/* End PBXShellScriptBuildPhase section */

/* Begin PBXSourcesBuildPhase section */
		6B8D34D41DFA36E600023C46 /* Sources */ = {
			isa = PBXSourcesBuildPhase;
			buildActionMask = 2147483647;
			files = (
				6B8D34DB1DFA36E600023C46 /* DDJiOSUITests.swift in Sources */,
			);
			runOnlyForDeploymentPostprocessing = 0;
		};
		9A1862A91DC10BFA0027D21E /* Sources */ = {
			isa = PBXSourcesBuildPhase;
			buildActionMask = 2147483647;
			files = (
				6B7110EE1E2AEBCB007E28B8 /* UpdatePlaylistCommand.swift in Sources */,
				6B7110F01E2AEC63007E28B8 /* HostClientCommand.swift in Sources */,
				6BC39EE81E483EDE00CF13DE /* DDJClient.swift in Sources */,
				6B973A2A1E2DCA9E002DCE12 /* ClientViewController.swift in Sources */,
				6B7110EB1E2AEA3C007E28B8 /* Command.swift in Sources */,
				6BFCF5EB1E3BFE270064C868 /* ServerEndSessionCommand.swift in Sources */,
				6B1AE2251E2B017200FD2D68 /* HeartbeatCommand.swift in Sources */,
				6B973A211E2D517B002DCE12 /* ClientCommandListener.swift in Sources */,
				6BCB70211E514C2800965207 /* Global.swift in Sources */,
				6B22906D1E79B41700E522D1 /* SSLService.swift in Sources */,
				6B973A261E2DBFFE002DCE12 /* HostCommandListener.swift in Sources */,
				6B08B8A81E2C1F7800D94898 /* CommandRunner.swift in Sources */,
				6B9E22511DC73468001F1871 /* ZeroconfClient.swift in Sources */,
				6B5D17C91E4BE2DA0082D2FB /* Alamofire-Synchronous.swift in Sources */,
				6B25FDBD1E3F1238004113CA /* Shuffle.swift in Sources */,
				6B379EAB1E4287AD00D0182A /* RemoveUserCommand.swift in Sources */,
				6B21193B1DFF7D5400F12963 /* LandingViewController.swift in Sources */,
				6B23ABDC1E485E4E002AA441 /* ServerNewUserCommand.swift in Sources */,
				6B25FDC11E3F14F0004113CA /* IteratorUtil.swift in Sources */,
				6BCF2D301DD0310900C67ED3 /* ServerSetupViewController.swift in Sources */,
				6B1AE2211E2AFAA400FD2D68 /* NewUserCommand.swift in Sources */,
				9A1862B91DC10BFA0027D21E /* DDJiOS.xcdatamodeld in Sources */,
				6B9E22521DC73468001F1871 /* ZeroconfServer.swift in Sources */,
				6B1AE22D1E2B077100FD2D68 /* HeartbeatTimeoutCommand.swift in Sources */,
				6B0744CE1DFB66FE0052AE50 /* SpotifyAuthentication.swift in Sources */,
				6BCB70261E51A27800965207 /* DDJHostDelegate.swift in Sources */,
				6B7110F21E2AEC7D007E28B8 /* ClientHostCommand.swift in Sources */,
				6BCB70241E519B4500965207 /* DDJClientDelegate.swift in Sources */,
				6BE67AA11E3F01020022E482 /* MySpt.swift in Sources */,
				6BCF2D2E1DD028D200C67ED3 /* ServerViewController.swift in Sources */,
				6B973A281E2DC11A002DCE12 /* TimeoutTable.swift in Sources */,
				6B9E22541DC73AAC001F1871 /* ZeroconfTableView.swift in Sources */,
				6BFCF5E91E3BFA070064C868 /* EZRegex.swift in Sources */,
				6B1AE22B1E2B070900FD2D68 /* HeartbeatAckCommand.swift in Sources */,
				9A1862B11DC10BFA0027D21E /* AppDelegate.swift in Sources */,
				37D1F7FB3D47D847D87FA983 /* ServerNewSessionCommand.swift in Sources */,
				6BC39EEA1E4854B200CF13DE /* ServerGetPlaylistCommand.swift in Sources */,
				6BCB70281E51B8EF00965207 /* IFAddresses.swift in Sources */,
				6BF1ED2A1E79B6D500B8AA3F /* EZSSL.swift in Sources */,
				37D1FDDCB21FBF7337B3EFFB /* ServerCommand.swift in Sources */,
				6B5D17CD1E4BF2A50082D2FB /* ServerRemoveUserCommand.swift in Sources */,
				6B90B48C1E4538D100987AB0 /* DDJHost.swift in Sources */,
				37D1FA1908DBFDA475248817 /* SPTManager.swift in Sources */,
				37D1F7AA9DDE8D959E8D32F0 /* DDJSPTTools.swift in Sources */,
			);
			runOnlyForDeploymentPostprocessing = 0;
		};
		9A1862C01DC10BFA0027D21E /* Sources */ = {
			isa = PBXSourcesBuildPhase;
			buildActionMask = 2147483647;
			files = (
				6BC39EE61E483DE100CF13DE /* DDJHostTest.swift in Sources */,
				6B55FD3F1E4283F6006BE71E /* HeartbeatAckCommandTest.swift in Sources */,
				6B379EA91E42877200D0182A /* RemoveUserCommandTest.swift in Sources */,
				6B1AE2231E2AFE5500FD2D68 /* NewUserCommandTest.swift in Sources */,
				6BCB702A1E51B93B00965207 /* IFAddresses.swift in Sources */,
				6B893A7D1E3BEB570094B9CD /* NewSessionTest.swift in Sources */,
				6B1AE2291E2B01F200FD2D68 /* HeartbeatCommandTest.swift in Sources */,
				6B5D17C51E4BDC0D0082D2FB /* SrvGetPlaylistTest.swift in Sources */,
				6BCB701F1E513F6200965207 /* SPTToolsTest.swift in Sources */,
				6B5D17D11E4BF32D0082D2FB /* SrvRemoveUserTest.swift in Sources */,
				6B7110F61E2AEF89007E28B8 /* UpdatePlaylistCommandTest.swift in Sources */,
				6BC693AE1E4284DC00BED8A4 /* HeartbeatTimeoutCommandTest.swift in Sources */,
				6B23ABDA1E485A4E002AA441 /* EndSessionTest.swift in Sources */,
				6B23ABDE1E485FEA002AA441 /* SrvNewUserTest.swift in Sources */,
			);
			runOnlyForDeploymentPostprocessing = 0;
		};
/* End PBXSourcesBuildPhase section */

/* Begin PBXTargetDependency section */
		6B8D34DE1DFA36E600023C46 /* PBXTargetDependency */ = {
			isa = PBXTargetDependency;
			target = 9A1862AC1DC10BFA0027D21E /* DDJiOS */;
			targetProxy = 6B8D34DD1DFA36E600023C46 /* PBXContainerItemProxy */;
		};
		9A1862C61DC10BFA0027D21E /* PBXTargetDependency */ = {
			isa = PBXTargetDependency;
			target = 9A1862AC1DC10BFA0027D21E /* DDJiOS */;
			targetProxy = 9A1862C51DC10BFA0027D21E /* PBXContainerItemProxy */;
		};
/* End PBXTargetDependency section */

/* Begin PBXVariantGroup section */
		9A1862B41DC10BFA0027D21E /* Main.storyboard */ = {
			isa = PBXVariantGroup;
			children = (
				9A1862B51DC10BFA0027D21E /* Base */,
			);
			name = Main.storyboard;
			sourceTree = "<group>";
		};
		9A1862BC1DC10BFA0027D21E /* LaunchScreen.storyboard */ = {
			isa = PBXVariantGroup;
			children = (
				9A1862BD1DC10BFA0027D21E /* Base */,
			);
			name = LaunchScreen.storyboard;
			sourceTree = "<group>";
		};
/* End PBXVariantGroup section */

/* Begin XCBuildConfiguration section */
		6B8D34DF1DFA36E600023C46 /* Debug */ = {
			isa = XCBuildConfiguration;
			baseConfigurationReference = 757E05A56B20E6E57D7DDCDE /* Pods-DDJiOSUITests.debug.xcconfig */;
			buildSettings = {
				CLANG_WARN_DOCUMENTATION_COMMENTS = YES;
				CLANG_WARN_SUSPICIOUS_MOVES = YES;
				"CODE_SIGN_IDENTITY[sdk=iphoneos*]" = "iPhone Developer";
				DEVELOPMENT_TEAM = "";
				FRAMEWORK_SEARCH_PATHS = (
					"$(inherited)",
					"$(PROJECT_DIR)/DDJiOSUITests",
				);
				INFOPLIST_FILE = DDJiOSUITests/Info.plist;
				LD_RUNPATH_SEARCH_PATHS = "$(inherited) @executable_path/Frameworks @loader_path/Frameworks";
				PRODUCT_BUNDLE_IDENTIFIER = edu.msoe.seniordesign.DDJiOSUITests;
				PRODUCT_NAME = "$(TARGET_NAME)";
				SWIFT_ACTIVE_COMPILATION_CONDITIONS = DEBUG;
				SWIFT_VERSION = 3.0;
				TEST_TARGET_NAME = DDJiOS;
			};
			name = Debug;
		};
		6B8D34E01DFA36E600023C46 /* Release */ = {
			isa = XCBuildConfiguration;
			baseConfigurationReference = EF79F7EF9EC2A92F35DC825D /* Pods-DDJiOSUITests.release.xcconfig */;
			buildSettings = {
				CLANG_WARN_DOCUMENTATION_COMMENTS = YES;
				CLANG_WARN_SUSPICIOUS_MOVES = YES;
				"CODE_SIGN_IDENTITY[sdk=iphoneos*]" = "iPhone Developer";
				DEVELOPMENT_TEAM = "";
				FRAMEWORK_SEARCH_PATHS = (
					"$(inherited)",
					"$(PROJECT_DIR)/DDJiOSUITests",
				);
				INFOPLIST_FILE = DDJiOSUITests/Info.plist;
				LD_RUNPATH_SEARCH_PATHS = "$(inherited) @executable_path/Frameworks @loader_path/Frameworks";
				PRODUCT_BUNDLE_IDENTIFIER = edu.msoe.seniordesign.DDJiOSUITests;
				PRODUCT_NAME = "$(TARGET_NAME)";
				SWIFT_VERSION = 3.0;
				TEST_TARGET_NAME = DDJiOS;
			};
			name = Release;
		};
		9A1862CB1DC10BFA0027D21E /* Debug */ = {
			isa = XCBuildConfiguration;
			buildSettings = {
				ALWAYS_EMBED_SWIFT_STANDARD_LIBRARIES = "$(inherited)";
				ALWAYS_SEARCH_USER_PATHS = NO;
				CLANG_ANALYZER_NONNULL = YES;
				CLANG_CXX_LANGUAGE_STANDARD = "gnu++0x";
				CLANG_CXX_LIBRARY = "libc++";
				CLANG_ENABLE_MODULES = YES;
				CLANG_ENABLE_OBJC_ARC = YES;
				CLANG_WARN_BOOL_CONVERSION = YES;
				CLANG_WARN_CONSTANT_CONVERSION = YES;
				CLANG_WARN_DIRECT_OBJC_ISA_USAGE = YES_ERROR;
				CLANG_WARN_EMPTY_BODY = YES;
				CLANG_WARN_ENUM_CONVERSION = YES;
				CLANG_WARN_INFINITE_RECURSION = YES;
				CLANG_WARN_INT_CONVERSION = YES;
				CLANG_WARN_OBJC_ROOT_CLASS = YES_ERROR;
				CLANG_WARN_SUSPICIOUS_MOVE = YES;
				CLANG_WARN_UNREACHABLE_CODE = YES;
				CLANG_WARN__DUPLICATE_METHOD_MATCH = YES;
				CODE_SIGN_IDENTITY = "iPhone Developer";
				"CODE_SIGN_IDENTITY[sdk=iphoneos*]" = "iPhone Developer";
				COPY_PHASE_STRIP = NO;
				DEBUG_INFORMATION_FORMAT = dwarf;
				DEVELOPMENT_TEAM = E7NF7S5WRQ;
				ENABLE_STRICT_OBJC_MSGSEND = YES;
				ENABLE_TESTABILITY = YES;
				GCC_C_LANGUAGE_STANDARD = gnu99;
				GCC_DYNAMIC_NO_PIC = NO;
				GCC_NO_COMMON_BLOCKS = YES;
				GCC_OPTIMIZATION_LEVEL = 0;
				GCC_PREPROCESSOR_DEFINITIONS = (
					"DEBUG=1",
					"$(inherited)",
				);
				GCC_WARN_64_TO_32_BIT_CONVERSION = YES;
				GCC_WARN_ABOUT_RETURN_TYPE = YES_ERROR;
				GCC_WARN_UNDECLARED_SELECTOR = YES;
				GCC_WARN_UNINITIALIZED_AUTOS = YES_AGGRESSIVE;
				GCC_WARN_UNUSED_FUNCTION = YES;
				GCC_WARN_UNUSED_VARIABLE = YES;
				IPHONEOS_DEPLOYMENT_TARGET = 10.0;
				MTL_ENABLE_DEBUG_INFO = YES;
				ONLY_ACTIVE_ARCH = YES;
				OTHER_LDFLAGS = "-ObjC";
				PRELINK_LIBS = "";
				"PRELINK_LIBS[arch=*]" = "";
				SDKROOT = iphoneos;
				SWIFT_OPTIMIZATION_LEVEL = "-Onone";
			};
			name = Debug;
		};
		9A1862CC1DC10BFA0027D21E /* Release */ = {
			isa = XCBuildConfiguration;
			buildSettings = {
				ALWAYS_EMBED_SWIFT_STANDARD_LIBRARIES = "$(inherited)";
				ALWAYS_SEARCH_USER_PATHS = NO;
				CLANG_ANALYZER_NONNULL = YES;
				CLANG_CXX_LANGUAGE_STANDARD = "gnu++0x";
				CLANG_CXX_LIBRARY = "libc++";
				CLANG_ENABLE_MODULES = YES;
				CLANG_ENABLE_OBJC_ARC = YES;
				CLANG_WARN_BOOL_CONVERSION = YES;
				CLANG_WARN_CONSTANT_CONVERSION = YES;
				CLANG_WARN_DIRECT_OBJC_ISA_USAGE = YES_ERROR;
				CLANG_WARN_EMPTY_BODY = YES;
				CLANG_WARN_ENUM_CONVERSION = YES;
				CLANG_WARN_INFINITE_RECURSION = YES;
				CLANG_WARN_INT_CONVERSION = YES;
				CLANG_WARN_OBJC_ROOT_CLASS = YES_ERROR;
				CLANG_WARN_SUSPICIOUS_MOVE = YES;
				CLANG_WARN_UNREACHABLE_CODE = YES;
				CLANG_WARN__DUPLICATE_METHOD_MATCH = YES;
				CODE_SIGN_IDENTITY = "iPhone Developer";
				"CODE_SIGN_IDENTITY[sdk=iphoneos*]" = "iPhone Developer";
				COPY_PHASE_STRIP = NO;
				DEBUG_INFORMATION_FORMAT = "dwarf-with-dsym";
				DEVELOPMENT_TEAM = E7NF7S5WRQ;
				ENABLE_NS_ASSERTIONS = NO;
				ENABLE_STRICT_OBJC_MSGSEND = YES;
				GCC_C_LANGUAGE_STANDARD = gnu99;
				GCC_NO_COMMON_BLOCKS = YES;
				GCC_WARN_64_TO_32_BIT_CONVERSION = YES;
				GCC_WARN_ABOUT_RETURN_TYPE = YES_ERROR;
				GCC_WARN_UNDECLARED_SELECTOR = YES;
				GCC_WARN_UNINITIALIZED_AUTOS = YES_AGGRESSIVE;
				GCC_WARN_UNUSED_FUNCTION = YES;
				GCC_WARN_UNUSED_VARIABLE = YES;
				IPHONEOS_DEPLOYMENT_TARGET = 10.0;
				MTL_ENABLE_DEBUG_INFO = NO;
				OTHER_LDFLAGS = "-ObjC";
				PRELINK_LIBS = "";
				"PRELINK_LIBS[arch=*]" = "";
				SDKROOT = iphoneos;
				SWIFT_OPTIMIZATION_LEVEL = "-Owholemodule";
				VALIDATE_PRODUCT = YES;
			};
			name = Release;
		};
		9A1862CE1DC10BFA0027D21E /* Debug */ = {
			isa = XCBuildConfiguration;
			baseConfigurationReference = 13898BD6582F1A2F6D37E644 /* Pods-DDJiOS.debug.xcconfig */;
			buildSettings = {
				ALWAYS_EMBED_SWIFT_STANDARD_LIBRARIES = "$(inherited)";
				ASSETCATALOG_COMPILER_APPICON_NAME = AppIcon;
				CLANG_ENABLE_MODULES = YES;
				DEVELOPMENT_TEAM = E7NF7S5WRQ;
				FRAMEWORK_SEARCH_PATHS = (
					"$(inherited)",
					"$(PROJECT_DIR)",
					"$(PROJECT_DIR)/DDJiOS",
					"$(PROJECT_DIR)/build/Release-iphoneos",
					"$(PROJECT_DIR)/build/Release-iphoneos/SwiftSocket",
					"$(PROJECT_DIR)/build/Release-iphoneos/Spotify-iOS-SDK",
					"$(PROJECT_DIR)/build/Release-iphoneos/Alamofire",
					"$(PROJECT_DIR)/build/Release-iphoneos/RainbowSwift",
				);
				INFOPLIST_FILE = DDJiOS/Info.plist;
				LD_RUNPATH_SEARCH_PATHS = "$(inherited) @executable_path/Frameworks";
				PRODUCT_BUNDLE_IDENTIFIER = msoesdl.DDJiOS;
				PRODUCT_NAME = "$(TARGET_NAME)";
				SWIFT_OBJC_BRIDGING_HEADER = "DDJiOS/DDJiOS-Bridging-Header.h";
				SWIFT_OPTIMIZATION_LEVEL = "-Onone";
				SWIFT_VERSION = 3.0;
				TARGETED_DEVICE_FAMILY = "1,2";
			};
			name = Debug;
		};
		9A1862CF1DC10BFA0027D21E /* Release */ = {
			isa = XCBuildConfiguration;
			baseConfigurationReference = 8D5EBBF1515CB9D967049504 /* Pods-DDJiOS.release.xcconfig */;
			buildSettings = {
				ALWAYS_EMBED_SWIFT_STANDARD_LIBRARIES = "$(inherited)";
				ASSETCATALOG_COMPILER_APPICON_NAME = AppIcon;
				CLANG_ENABLE_MODULES = YES;
				DEVELOPMENT_TEAM = E7NF7S5WRQ;
				FRAMEWORK_SEARCH_PATHS = (
					"$(inherited)",
					"$(PROJECT_DIR)",
					"$(PROJECT_DIR)/DDJiOS",
					"$(PROJECT_DIR)/build/Release-iphoneos",
					"$(PROJECT_DIR)/build/Release-iphoneos/SwiftSocket",
					"$(PROJECT_DIR)/build/Release-iphoneos/Spotify-iOS-SDK",
					"$(PROJECT_DIR)/build/Release-iphoneos/Alamofire",
					"$(PROJECT_DIR)/build/Release-iphoneos/RainbowSwift",
				);
				INFOPLIST_FILE = DDJiOS/Info.plist;
				LD_RUNPATH_SEARCH_PATHS = "$(inherited) @executable_path/Frameworks";
				PRODUCT_BUNDLE_IDENTIFIER = msoesdl.DDJiOS;
				PRODUCT_NAME = "$(TARGET_NAME)";
				SWIFT_OBJC_BRIDGING_HEADER = "DDJiOS/DDJiOS-Bridging-Header.h";
				SWIFT_VERSION = 3.0;
				TARGETED_DEVICE_FAMILY = "1,2";
			};
			name = Release;
		};
		9A1862D11DC10BFA0027D21E /* Debug */ = {
			isa = XCBuildConfiguration;
			baseConfigurationReference = EEE9E0795A1E1300C15D6758 /* Pods-DDJiOSTests.debug.xcconfig */;
			buildSettings = {
				BUNDLE_LOADER = "$(TEST_HOST)";
				FRAMEWORK_SEARCH_PATHS = (
					"$(inherited)",
					"$(PROJECT_DIR)",
					"$(PROJECT_DIR)/DDJiOSTests",
				);
				INFOPLIST_FILE = DDJiOSTests/Info.plist;
				LD_RUNPATH_SEARCH_PATHS = "$(inherited) @executable_path/Frameworks @loader_path/Frameworks";
				PRELINK_LIBS = SwiftSocket;
				PRODUCT_BUNDLE_IDENTIFIER = msoesdl.DDJiOSTests;
				PRODUCT_NAME = "$(TARGET_NAME)";
				SWIFT_VERSION = 3.0;
				TEST_HOST = "$(BUILT_PRODUCTS_DIR)/DDJiOS.app/DDJiOS";
			};
			name = Debug;
		};
		9A1862D21DC10BFA0027D21E /* Release */ = {
			isa = XCBuildConfiguration;
			baseConfigurationReference = 610CAC45FCBFE71222D36158 /* Pods-DDJiOSTests.release.xcconfig */;
			buildSettings = {
				BUNDLE_LOADER = "$(TEST_HOST)";
				FRAMEWORK_SEARCH_PATHS = (
					"$(inherited)",
					"$(PROJECT_DIR)",
					"$(PROJECT_DIR)/DDJiOSTests",
				);
				INFOPLIST_FILE = DDJiOSTests/Info.plist;
				LD_RUNPATH_SEARCH_PATHS = "$(inherited) @executable_path/Frameworks @loader_path/Frameworks";
				PRELINK_LIBS = SwiftSocket;
				PRODUCT_BUNDLE_IDENTIFIER = msoesdl.DDJiOSTests;
				PRODUCT_NAME = "$(TARGET_NAME)";
				SWIFT_VERSION = 3.0;
				TEST_HOST = "$(BUILT_PRODUCTS_DIR)/DDJiOS.app/DDJiOS";
			};
			name = Release;
		};
/* End XCBuildConfiguration section */

/* Begin XCConfigurationList section */
		6B8D34E11DFA36E600023C46 /* Build configuration list for PBXNativeTarget "DDJiOSUITests" */ = {
			isa = XCConfigurationList;
			buildConfigurations = (
				6B8D34DF1DFA36E600023C46 /* Debug */,
				6B8D34E01DFA36E600023C46 /* Release */,
			);
			defaultConfigurationIsVisible = 0;
			defaultConfigurationName = Debug;
		};
		9A1862A81DC10BFA0027D21E /* Build configuration list for PBXProject "DDJiOS" */ = {
			isa = XCConfigurationList;
			buildConfigurations = (
				9A1862CB1DC10BFA0027D21E /* Debug */,
				9A1862CC1DC10BFA0027D21E /* Release */,
			);
			defaultConfigurationIsVisible = 0;
			defaultConfigurationName = Debug;
		};
		9A1862CD1DC10BFA0027D21E /* Build configuration list for PBXNativeTarget "DDJiOS" */ = {
			isa = XCConfigurationList;
			buildConfigurations = (
				9A1862CE1DC10BFA0027D21E /* Debug */,
				9A1862CF1DC10BFA0027D21E /* Release */,
			);
			defaultConfigurationIsVisible = 0;
			defaultConfigurationName = Debug;
		};
		9A1862D01DC10BFA0027D21E /* Build configuration list for PBXNativeTarget "DDJiOSTests" */ = {
			isa = XCConfigurationList;
			buildConfigurations = (
				9A1862D11DC10BFA0027D21E /* Debug */,
				9A1862D21DC10BFA0027D21E /* Release */,
			);
			defaultConfigurationIsVisible = 0;
			defaultConfigurationName = Debug;
		};
/* End XCConfigurationList section */

/* Begin XCVersionGroup section */
		9A1862B71DC10BFA0027D21E /* DDJiOS.xcdatamodeld */ = {
			isa = XCVersionGroup;
			children = (
				9A1862B81DC10BFA0027D21E /* DDJiOS.xcdatamodel */,
			);
			currentVersion = 9A1862B81DC10BFA0027D21E /* DDJiOS.xcdatamodel */;
			path = DDJiOS.xcdatamodeld;
			sourceTree = "<group>";
			versionGroupType = wrapper.xcdatamodel;
		};
/* End XCVersionGroup section */
	};
	rootObject = 9A1862A51DC10BFA0027D21E /* Project object */;
}
